
Microsoft Visual Studio Solution File, Format Version 12.00
Project("{FAE04EC0-301F-11D3-BF4B-00C04F79EFBC}") = "csprj", "csprj\csprj.csproj", "{BC335D22-981E-4274-B3E9-25CFD79EF92E}"
EndProject
Global
	GlobalSection(SolutionConfigurationPlatforms) = preSolution
		Debug|Any CPU = Debug|Any CPU
		Release|Any CPU = Release|Any CPU
	EndGlobalSection
	GlobalSection(ProjectConfigurationPlatforms) = postSolution
		{BC335D22-981E-4274-B3E9-25CFD79EF92E}.Debug|Any CPU.ActiveCfg = Debug|Any CPU
		{BC335D22-981E-4274-B3E9-25CFD79EF92E}.Debug|Any CPU.Build.0 = Debug|Any CPU
		{BC335D22-981E-4274-B3E9-25CFD79EF92E}.Release|Any CPU.ActiveCfg = Release|Any CPU
		{BC335D22-981E-4274-B3E9-25CFD79EF92E}.Release|Any CPU.Build.0 = Release|Any CPU
	EndGlobalSection
EndGlobal
